// !$*UTF8*$!
{
	archiveVersion = 1;
	classes = {
	};
	objectVersion = 56;
	objects = {

/* Begin PBXBuildFile section */
		EE7E32482A29270F0061284D /* ExpenseAppApp.swift in Sources */ = {isa = PBXBuildFile; fileRef = EE7E32472A29270F0061284D /* ExpenseAppApp.swift */; };
		EE7E324A2A29270F0061284D /* ContentView.swift in Sources */ = {isa = PBXBuildFile; fileRef = EE7E32492A29270F0061284D /* ContentView.swift */; };
		EE7E324C2A29271D0061284D /* Assets.xcassets in Resources */ = {isa = PBXBuildFile; fileRef = EE7E324B2A29271D0061284D /* Assets.xcassets */; };
		EE7E324F2A29271D0061284D /* Preview Assets.xcassets in Resources */ = {isa = PBXBuildFile; fileRef = EE7E324E2A29271D0061284D /* Preview Assets.xcassets */; };
		EEA135E82A2D011300A917E5 /* Blackbird in Frameworks */ = {isa = PBXBuildFile; productRef = EEA135E72A2D011300A917E5 /* Blackbird */; };
		EEA135EA2A2D023700A917E5 /* AppDatabase.swift in Sources */ = {isa = PBXBuildFile; fileRef = EEA135E92A2D023700A917E5 /* AppDatabase.swift */; };
		EEA135EC2A2D029D00A917E5 /* Entry.swift in Sources */ = {isa = PBXBuildFile; fileRef = EEA135EB2A2D029D00A917E5 /* Entry.swift */; };
/* End PBXBuildFile section */

/* Begin PBXFileReference section */
		EE7E32442A29270F0061284D /* ExpenseApp.app */ = {isa = PBXFileReference; explicitFileType = wrapper.application; includeInIndex = 0; path = ExpenseApp.app; sourceTree = BUILT_PRODUCTS_DIR; };
		EE7E32472A29270F0061284D /* ExpenseAppApp.swift */ = {isa = PBXFileReference; lastKnownFileType = sourcecode.swift; path = ExpenseAppApp.swift; sourceTree = "<group>"; };
		EE7E32492A29270F0061284D /* ContentView.swift */ = {isa = PBXFileReference; lastKnownFileType = sourcecode.swift; path = ContentView.swift; sourceTree = "<group>"; };
		EE7E324B2A29271D0061284D /* Assets.xcassets */ = {isa = PBXFileReference; lastKnownFileType = folder.assetcatalog; path = Assets.xcassets; sourceTree = "<group>"; };
		EE7E324E2A29271D0061284D /* Preview Assets.xcassets */ = {isa = PBXFileReference; lastKnownFileType = folder.assetcatalog; path = "Preview Assets.xcassets"; sourceTree = "<group>"; };
		EEA135E92A2D023700A917E5 /* AppDatabase.swift */ = {isa = PBXFileReference; lastKnownFileType = sourcecode.swift; path = AppDatabase.swift; sourceTree = "<group>"; };
		EEA135EB2A2D029D00A917E5 /* Entry.swift */ = {isa = PBXFileReference; lastKnownFileType = sourcecode.swift; path = Entry.swift; sourceTree = "<group>"; };
/* End PBXFileReference section */

/* Begin PBXFrameworksBuildPhase section */
		EE7E32412A29270F0061284D /* Frameworks */ = {
			isa = PBXFrameworksBuildPhase;
			buildActionMask = 2147483647;
			files = (
				EEA135E82A2D011300A917E5 /* Blackbird in Frameworks */,
			);
			runOnlyForDeploymentPostprocessing = 0;
		};
/* End PBXFrameworksBuildPhase section */

/* Begin PBXGroup section */
		EE7E323B2A29270E0061284D = {
			isa = PBXGroup;
			children = (
				EE7E32462A29270F0061284D /* ExpenseApp */,
				EE7E32452A29270F0061284D /* Products */,
			);
			sourceTree = "<group>";
		};
		EE7E32452A29270F0061284D /* Products */ = {
			isa = PBXGroup;
			children = (
				EE7E32442A29270F0061284D /* ExpenseApp.app */,
			);
			name = Products;
			sourceTree = "<group>";
		};
		EE7E32462A29270F0061284D /* ExpenseApp */ = {
			isa = PBXGroup;
			children = (
				EE7E32472A29270F0061284D /* ExpenseAppApp.swift */,
				EE7E32562A2927D30061284D /* Helpers */,
				EE7E32572A2927DE0061284D /* Model */,
				EE7E32552A2927C70061284D /* Views */,
				EE7E324B2A29271D0061284D /* Assets.xcassets */,
				EE7E324D2A29271D0061284D /* Preview Content */,
			);
			path = ExpenseApp;
			sourceTree = "<group>";
		};
		EE7E324D2A29271D0061284D /* Preview Content */ = {
			isa = PBXGroup;
			children = (
				EE7E324E2A29271D0061284D /* Preview Assets.xcassets */,
			);
			path = "Preview Content";
			sourceTree = "<group>";
		};
		EE7E32552A2927C70061284D /* Views */ = {
			isa = PBXGroup;
			children = (
				EE7E32492A29270F0061284D /* ContentView.swift */,
			);
			path = Views;
			sourceTree = "<group>";
		};
		EE7E32562A2927D30061284D /* Helpers */ = {
			isa = PBXGroup;
			children = (
				EEA135E92A2D023700A917E5 /* AppDatabase.swift */,
			);
			path = Helpers;
			sourceTree = "<group>";
		};
		EE7E32572A2927DE0061284D /* Model */ = {
			isa = PBXGroup;
			children = (
				EEA135EB2A2D029D00A917E5 /* Entry.swift */,
			);
			path = Model;
			sourceTree = "<group>";
		};
/* End PBXGroup section */

/* Begin PBXNativeTarget section */
		EE7E32432A29270F0061284D /* ExpenseApp */ = {
			isa = PBXNativeTarget;
			buildConfigurationList = EE7E32522A29271D0061284D /* Build configuration list for PBXNativeTarget "ExpenseApp" */;
			buildPhases = (
				EE7E32402A29270F0061284D /* Sources */,
				EE7E32412A29270F0061284D /* Frameworks */,
				EE7E32422A29270F0061284D /* Resources */,
			);
			buildRules = (
			);
			dependencies = (
			);
			name = ExpenseApp;
			packageProductDependencies = (
				EEA135E72A2D011300A917E5 /* Blackbird */,
			);
			productName = ExpenseApp;
			productReference = EE7E32442A29270F0061284D /* ExpenseApp.app */;
			productType = "com.apple.product-type.application";
		};
/* End PBXNativeTarget section */

/* Begin PBXProject section */
		EE7E323C2A29270E0061284D /* Project object */ = {
			isa = PBXProject;
			attributes = {
				BuildIndependentTargetsInParallel = 1;
				LastSwiftUpdateCheck = 1420;
				LastUpgradeCheck = 1420;
				TargetAttributes = {
					EE7E32432A29270F0061284D = {
						CreatedOnToolsVersion = 14.2;
					};
				};
			};
			buildConfigurationList = EE7E323F2A29270E0061284D /* Build configuration list for PBXProject "ExpenseApp" */;
			compatibilityVersion = "Xcode 14.0";
			developmentRegion = en;
			hasScannedForEncodings = 0;
			knownRegions = (
				en,
				Base,
			);
			mainGroup = EE7E323B2A29270E0061284D;
			packageReferences = (
				EEA135E62A2D011200A917E5 /* XCRemoteSwiftPackageReference "Blackbird" */,
			);
			productRefGroup = EE7E32452A29270F0061284D /* Products */;
			projectDirPath = "";
			projectRoot = "";
			targets = (
				EE7E32432A29270F0061284D /* ExpenseApp */,
			);
		};
/* End PBXProject section */

/* Begin PBXResourcesBuildPhase section */
		EE7E32422A29270F0061284D /* Resources */ = {
			isa = PBXResourcesBuildPhase;
			buildActionMask = 2147483647;
			files = (
				EE7E324F2A29271D0061284D /* Preview Assets.xcassets in Resources */,
				EE7E324C2A29271D0061284D /* Assets.xcassets in Resources */,
			);
			runOnlyForDeploymentPostprocessing = 0;
		};
/* End PBXResourcesBuildPhase section */

/* Begin PBXSourcesBuildPhase section */
		EE7E32402A29270F0061284D /* Sources */ = {
			isa = PBXSourcesBuildPhase;
			buildActionMask = 2147483647;
			files = (
				EEA135EC2A2D029D00A917E5 /* Entry.swift in Sources */,
				EEA135EA2A2D023700A917E5 /* AppDatabase.swift in Sources */,
				EE7E324A2A29270F0061284D /* ContentView.swift in Sources */,
				EE7E32482A29270F0061284D /* ExpenseAppApp.swift in Sources */,
			);
			runOnlyForDeploymentPostprocessing = 0;
		};
/* End PBXSourcesBuildPhase section */

/* Begin XCBuildConfiguration section */
		EE7E32502A29271D0061284D /* Debug */ = {
			isa = XCBuildConfiguration;
			buildSettings = {
				ALWAYS_SEARCH_USER_PATHS = NO;
				CLANG_ANALYZER_NONNULL = YES;
				CLANG_ANALYZER_NUMBER_OBJECT_CONVERSION = YES_AGGRESSIVE;
				CLANG_CXX_LANGUAGE_STANDARD = "gnu++20";
				CLANG_ENABLE_MODULES = YES;
				CLANG_ENABLE_OBJC_ARC = YES;
				CLANG_ENABLE_OBJC_WEAK = YES;
				CLANG_WARN_BLOCK_CAPTURE_AUTORELEASING = YES;
				CLANG_WARN_BOOL_CONVERSION = YES;
				CLANG_WARN_COMMA = YES;
				CLANG_WARN_CONSTANT_CONVERSION = YES;
				CLANG_WARN_DEPRECATED_OBJC_IMPLEMENTATIONS = YES;
				CLANG_WARN_DIRECT_OBJC_ISA_USAGE = YES_ERROR;
				CLANG_WARN_DOCUMENTATION_COMMENTS = YES;
				CLANG_WARN_EMPTY_BODY = YES;
				CLANG_WARN_ENUM_CONVERSION = YES;
				CLANG_WARN_INFINITE_RECURSION = YES;
				CLANG_WARN_INT_CONVERSION = YES;
				CLANG_WARN_NON_LITERAL_NULL_CONVERSION = YES;
				CLANG_WARN_OBJC_IMPLICIT_RETAIN_SELF = YES;
				CLANG_WARN_OBJC_LITERAL_CONVERSION = YES;
				CLANG_WARN_OBJC_ROOT_CLASS = YES_ERROR;
				CLANG_WARN_QUOTED_INCLUDE_IN_FRAMEWORK_HEADER = YES;
				CLANG_WARN_RANGE_LOOP_ANALYSIS = YES;
				CLANG_WARN_STRICT_PROTOTYPES = YES;
				CLANG_WARN_SUSPICIOUS_MOVE = YES;
				CLANG_WARN_UNGUARDED_AVAILABILITY = YES_AGGRESSIVE;
				CLANG_WARN_UNREACHABLE_CODE = YES;
				CLANG_WARN__DUPLICATE_METHOD_MATCH = YES;
				COPY_PHASE_STRIP = NO;
				DEBUG_INFORMATION_FORMAT = dwarf;
				ENABLE_STRICT_OBJC_MSGSEND = YES;
				ENABLE_TESTABILITY = YES;
				GCC_C_LANGUAGE_STANDARD = gnu11;
				GCC_DYNAMIC_NO_PIC = NO;
				GCC_NO_COMMON_BLOCKS = YES;
				GCC_OPTIMIZATION_LEVEL = 0;
				GCC_PREPROCESSOR_DEFINITIONS = (
					"DEBUG=1",
					"$(inherited)",
				);
				GCC_WARN_64_TO_32_BIT_CONVERSION = YES;
				GCC_WARN_ABOUT_RETURN_TYPE = YES_ERROR;
				GCC_WARN_UNDECLARED_SELECTOR = YES;
				GCC_WARN_UNINITIALIZED_AUTOS = YES_AGGRESSIVE;
				GCC_WARN_UNUSED_FUNCTION = YES;
				GCC_WARN_UNUSED_VARIABLE = YES;
				IPHONEOS_DEPLOYMENT_TARGET = 16.2;
				MTL_ENABLE_DEBUG_INFO = INCLUDE_SOURCE;
				MTL_FAST_MATH = YES;
				ONLY_ACTIVE_ARCH = YES;
				SDKROOT = iphoneos;
				SWIFT_ACTIVE_COMPILATION_CONDITIONS = DEBUG;
				SWIFT_OPTIMIZATION_LEVEL = "-Onone";
			};
			name = Debug;
		};
		EE7E32512A29271D0061284D /* Release */ = {
			isa = XCBuildConfiguration;
			buildSettings = {
				ALWAYS_SEARCH_USER_PATHS = NO;
				CLANG_ANALYZER_NONNULL = YES;
				CLANG_ANALYZER_NUMBER_OBJECT_CONVERSION = YES_AGGRESSIVE;
				CLANG_CXX_LANGUAGE_STANDARD = "gnu++20";
				CLANG_ENABLE_MODULES = YES;
				CLANG_ENABLE_OBJC_ARC = YES;
				CLANG_ENABLE_OBJC_WEAK = YES;
				CLANG_WARN_BLOCK_CAPTURE_AUTORELEASING = YES;
				CLANG_WARN_BOOL_CONVERSION = YES;
				CLANG_WARN_COMMA = YES;
				CLANG_WARN_CONSTANT_CONVERSION = YES;
				CLANG_WARN_DEPRECATED_OBJC_IMPLEMENTATIONS = YES;
				CLANG_WARN_DIRECT_OBJC_ISA_USAGE = YES_ERROR;
				CLANG_WARN_DOCUMENTATION_COMMENTS = YES;
				CLANG_WARN_EMPTY_BODY = YES;
				CLANG_WARN_ENUM_CONVERSION = YES;
				CLANG_WARN_INFINITE_RECURSION = YES;
				CLANG_WARN_INT_CONVERSION = YES;
				CLANG_WARN_NON_LITERAL_NULL_CONVERSION = YES;
				CLANG_WARN_OBJC_IMPLICIT_RETAIN_SELF = YES;
				CLANG_WARN_OBJC_LITERAL_CONVERSION = YES;
				CLANG_WARN_OBJC_ROOT_CLASS = YES_ERROR;
				CLANG_WARN_QUOTED_INCLUDE_IN_FRAMEWORK_HEADER = YES;
				CLANG_WARN_RANGE_LOOP_ANALYSIS = YES;
				CLANG_WARN_STRICT_PROTOTYPES = YES;
				CLANG_WARN_SUSPICIOUS_MOVE = YES;
				CLANG_WARN_UNGUARDED_AVAILABILITY = YES_AGGRESSIVE;
				CLANG_WARN_UNREACHABLE_CODE = YES;
				CLANG_WARN__DUPLICATE_METHOD_MATCH = YES;
				COPY_PHASE_STRIP = NO;
				DEBUG_INFORMATION_FORMAT = "dwarf-with-dsym";
				ENABLE_NS_ASSERTIONS = NO;
				ENABLE_STRICT_OBJC_MSGSEND = YES;
				GCC_C_LANGUAGE_STANDARD = gnu11;
				GCC_NO_COMMON_BLOCKS = YES;
				GCC_WARN_64_TO_32_BIT_CONVERSION = YES;
				GCC_WARN_ABOUT_RETURN_TYPE = YES_ERROR;
				GCC_WARN_UNDECLARED_SELECTOR = YES;
				GCC_WARN_UNINITIALIZED_AUTOS = YES_AGGRESSIVE;
				GCC_WARN_UNUSED_FUNCTION = YES;
				GCC_WARN_UNUSED_VARIABLE = YES;
				IPHONEOS_DEPLOYMENT_TARGET = 16.2;
				MTL_ENABLE_DEBUG_INFO = NO;
				MTL_FAST_MATH = YES;
				SDKROOT = iphoneos;
				SWIFT_COMPILATION_MODE = wholemodule;
				SWIFT_OPTIMIZATION_LEVEL = "-O";
				VALIDATE_PRODUCT = YES;
			};
			name = Release;
		};
		EE7E32532A29271D0061284D /* Debug */ = {
			isa = XCBuildConfiguration;
			buildSettings = {
				ASSETCATALOG_COMPILER_APPICON_NAME = AppIcon;
				ASSETCATALOG_COMPILER_GLOBAL_ACCENT_COLOR_NAME = AccentColor;
				CODE_SIGN_STYLE = Automatic;
				CURRENT_PROJECT_VERSION = 1;
				DEVELOPMENT_ASSET_PATHS = "\"ExpenseApp/Preview Content\"";
				DEVELOPMENT_TEAM = 53NXZXG624;
				ENABLE_PREVIEWS = YES;
				GENERATE_INFOPLIST_FILE = YES;
				INFOPLIST_KEY_UIApplicationSceneManifest_Generation = YES;
				INFOPLIST_KEY_UIApplicationSupportsIndirectInputEvents = YES;
				INFOPLIST_KEY_UILaunchScreen_Generation = YES;
				INFOPLIST_KEY_UISupportedInterfaceOrientations_iPad = "UIInterfaceOrientationPortrait UIInterfaceOrientationPortraitUpsideDown UIInterfaceOrientationLandscapeLeft UIInterfaceOrientationLandscapeRight";
				INFOPLIST_KEY_UISupportedInterfaceOrientations_iPhone = "UIInterfaceOrientationPortrait UIInterfaceOrientationLandscapeLeft UIInterfaceOrientationLandscapeRight";
				LD_RUNPATH_SEARCH_PATHS = (
					"$(inherited)",
					"@executable_path/Frameworks",
				);
				MARKETING_VERSION = 1.0;
				PRODUCT_BUNDLE_IDENTIFIER = ca.leongell.ExpenseApp;
				PRODUCT_NAME = "$(TARGET_NAME)";
				SWIFT_EMIT_LOC_STRINGS = YES;
				SWIFT_VERSION = 5.0;
				TARGETED_DEVICE_FAMILY = "1,2";
			};
			name = Debug;
		};
		EE7E32542A29271D0061284D /* Release */ = {
			isa = XCBuildConfiguration;
			buildSettings = {
				ASSETCATALOG_COMPILER_APPICON_NAME = AppIcon;
				ASSETCATALOG_COMPILER_GLOBAL_ACCENT_COLOR_NAME = AccentColor;
				CODE_SIGN_STYLE = Automatic;
				CURRENT_PROJECT_VERSION = 1;
				DEVELOPMENT_ASSET_PATHS = "\"ExpenseApp/Preview Content\"";
				DEVELOPMENT_TEAM = 53NXZXG624;
				ENABLE_PREVIEWS = YES;
				GENERATE_INFOPLIST_FILE = YES;
				INFOPLIST_KEY_UIApplicationSceneManifest_Generation = YES;
				INFOPLIST_KEY_UIApplicationSupportsIndirectInputEvents = YES;
				INFOPLIST_KEY_UILaunchScreen_Generation = YES;
				INFOPLIST_KEY_UISupportedInterfaceOrientations_iPad = "UIInterfaceOrientationPortrait UIInterfaceOrientationPortraitUpsideDown UIInterfaceOrientationLandscapeLeft UIInterfaceOrientationLandscapeRight";
				INFOPLIST_KEY_UISupportedInterfaceOrientations_iPhone = "UIInterfaceOrientationPortrait UIInterfaceOrientationLandscapeLeft UIInterfaceOrientationLandscapeRight";
				LD_RUNPATH_SEARCH_PATHS = (
					"$(inherited)",
					"@executable_path/Frameworks",
				);
				MARKETING_VERSION = 1.0;
				PRODUCT_BUNDLE_IDENTIFIER = ca.leongell.ExpenseApp;
				PRODUCT_NAME = "$(TARGET_NAME)";
				SWIFT_EMIT_LOC_STRINGS = YES;
				SWIFT_VERSION = 5.0;
				TARGETED_DEVICE_FAMILY = "1,2";
			};
			name = Release;
		};
/* End XCBuildConfiguration section */

/* Begin XCConfigurationList section */
		EE7E323F2A29270E0061284D /* Build configuration list for PBXProject "ExpenseApp" */ = {
			isa = XCConfigurationList;
			buildConfigurations = (
				EE7E32502A29271D0061284D /* Debug */,
				EE7E32512A29271D0061284D /* Release */,
			);
			defaultConfigurationIsVisible = 0;
			defaultConfigurationName = Release;
		};
		EE7E32522A29271D0061284D /* Build configuration list for PBXNativeTarget "ExpenseApp" */ = {
			isa = XCConfigurationList;
			buildConfigurations = (
				EE7E32532A29271D0061284D /* Debug */,
				EE7E32542A29271D0061284D /* Release */,
			);
			defaultConfigurationIsVisible = 0;
			defaultConfigurationName = Release;
		};
/* End XCConfigurationList section */

/* Begin XCRemoteSwiftPackageReference section */
		EEA135E62A2D011200A917E5 /* XCRemoteSwiftPackageReference "Blackbird" */ = {
			isa = XCRemoteSwiftPackageReference;
			repositoryURL = "https://github.com/marcoarment/Blackbird";
			requirement = {
				branch = main;
				kind = branch;
			};
		};
/* End XCRemoteSwiftPackageReference section */

/* Begin XCSwiftPackageProductDependency section */
		EEA135E72A2D011300A917E5 /* Blackbird */ = {
			isa = XCSwiftPackageProductDependency;
			package = EEA135E62A2D011200A917E5 /* XCRemoteSwiftPackageReference "Blackbird" */;
			productName = Blackbird;
		};
/* End XCSwiftPackageProductDependency section */
	};
	rootObject = EE7E323C2A29270E0061284D /* Project object */;
}
